{
  "object": {
    "pins": [
      {
        "package": "CommonSwift",
        "repositoryURL": "https://github.com/psksvp/CommonSwift",
        "state": {
          "branch": "master",
          "revision": "591e7e8b22e17a4832ad55e7f186d90dfbe9a042",
          "version": null
        }
      }
    ]
  },
  "version": 1
}
