{
  "object": {
    "pins": [
      {
        "package": "CommonSwift",
        "repositoryURL": "https://github.com/psksvp/CommonSwift",
        "state": {
          "branch": "master",
          "revision": "5b0ddc6a5b555796f68c99d116a86bca276ab8fb",
          "version": null
        }
      },
      {
        "package": "SGLMath",
        "repositoryURL": "https://github.com/SwiftGL/Math.git",
        "state": {
          "branch": "master",
          "revision": "8bdd2e542f28828d0c224c1ea8e046c6f652ec40",
          "version": null
        }
      }
    ]
  },
  "version": 1
}
